// !$*UTF8*$!
{
	archiveVersion = 1;
	classes = {
	};
	objectVersion = 56;
	objects = {

/* Begin PBXBuildFile section */
		02849E622A18642900B71BE0 /* Multi_Language_SwiftUIApp.swift in Sources */ = {isa = PBXBuildFile; fileRef = 02849E612A18642900B71BE0 /* Multi_Language_SwiftUIApp.swift */; };
		02849E642A18642900B71BE0 /* ContentView.swift in Sources */ = {isa = PBXBuildFile; fileRef = 02849E632A18642900B71BE0 /* ContentView.swift */; };
		02849E662A18642900B71BE0 /* Assets.xcassets in Resources */ = {isa = PBXBuildFile; fileRef = 02849E652A18642900B71BE0 /* Assets.xcassets */; };
		02849E6A2A18642900B71BE0 /* Preview Assets.xcassets in Resources */ = {isa = PBXBuildFile; fileRef = 02849E692A18642900B71BE0 /* Preview Assets.xcassets */; };
		02849E742A18642900B71BE0 /* Multi_Language_SwiftUITests.swift in Sources */ = {isa = PBXBuildFile; fileRef = 02849E732A18642900B71BE0 /* Multi_Language_SwiftUITests.swift */; };
		02849E7E2A18642900B71BE0 /* Multi_Language_SwiftUIUITests.swift in Sources */ = {isa = PBXBuildFile; fileRef = 02849E7D2A18642900B71BE0 /* Multi_Language_SwiftUIUITests.swift */; };
		02849E802A18642900B71BE0 /* Multi_Language_SwiftUIUITestsLaunchTests.swift in Sources */ = {isa = PBXBuildFile; fileRef = 02849E7F2A18642900B71BE0 /* Multi_Language_SwiftUIUITestsLaunchTests.swift */; };
/* End PBXBuildFile section */

/* Begin PBXContainerItemProxy section */
		02849E702A18642900B71BE0 /* PBXContainerItemProxy */ = {
			isa = PBXContainerItemProxy;
			containerPortal = 02849E562A18642900B71BE0 /* Project object */;
			proxyType = 1;
			remoteGlobalIDString = 02849E5D2A18642900B71BE0;
			remoteInfo = "Multi Language SwiftUI";
		};
		02849E7A2A18642900B71BE0 /* PBXContainerItemProxy */ = {
			isa = PBXContainerItemProxy;
			containerPortal = 02849E562A18642900B71BE0 /* Project object */;
			proxyType = 1;
			remoteGlobalIDString = 02849E5D2A18642900B71BE0;
			remoteInfo = "Multi Language SwiftUI";
		};
/* End PBXContainerItemProxy section */

/* Begin PBXFileReference section */
		02849E5E2A18642900B71BE0 /* Multi Language SwiftUI.app */ = {isa = PBXFileReference; explicitFileType = wrapper.application; includeInIndex = 0; path = "Multi Language SwiftUI.app"; sourceTree = BUILT_PRODUCTS_DIR; };
		02849E612A18642900B71BE0 /* Multi_Language_SwiftUIApp.swift */ = {isa = PBXFileReference; lastKnownFileType = sourcecode.swift; path = Multi_Language_SwiftUIApp.swift; sourceTree = "<group>"; };
		02849E632A18642900B71BE0 /* ContentView.swift */ = {isa = PBXFileReference; lastKnownFileType = sourcecode.swift; path = ContentView.swift; sourceTree = "<group>"; };
		02849E652A18642900B71BE0 /* Assets.xcassets */ = {isa = PBXFileReference; lastKnownFileType = folder.assetcatalog; path = Assets.xcassets; sourceTree = "<group>"; };
		02849E672A18642900B71BE0 /* Multi_Language_SwiftUI.entitlements */ = {isa = PBXFileReference; lastKnownFileType = text.plist.entitlements; path = Multi_Language_SwiftUI.entitlements; sourceTree = "<group>"; };
		02849E692A18642900B71BE0 /* Preview Assets.xcassets */ = {isa = PBXFileReference; lastKnownFileType = folder.assetcatalog; path = "Preview Assets.xcassets"; sourceTree = "<group>"; };
		02849E6F2A18642900B71BE0 /* Multi Language SwiftUITests.xctest */ = {isa = PBXFileReference; explicitFileType = wrapper.cfbundle; includeInIndex = 0; path = "Multi Language SwiftUITests.xctest"; sourceTree = BUILT_PRODUCTS_DIR; };
		02849E732A18642900B71BE0 /* Multi_Language_SwiftUITests.swift */ = {isa = PBXFileReference; lastKnownFileType = sourcecode.swift; path = Multi_Language_SwiftUITests.swift; sourceTree = "<group>"; };
		02849E792A18642900B71BE0 /* Multi Language SwiftUIUITests.xctest */ = {isa = PBXFileReference; explicitFileType = wrapper.cfbundle; includeInIndex = 0; path = "Multi Language SwiftUIUITests.xctest"; sourceTree = BUILT_PRODUCTS_DIR; };
		02849E7D2A18642900B71BE0 /* Multi_Language_SwiftUIUITests.swift */ = {isa = PBXFileReference; lastKnownFileType = sourcecode.swift; path = Multi_Language_SwiftUIUITests.swift; sourceTree = "<group>"; };
		02849E7F2A18642900B71BE0 /* Multi_Language_SwiftUIUITestsLaunchTests.swift */ = {isa = PBXFileReference; lastKnownFileType = sourcecode.swift; path = Multi_Language_SwiftUIUITestsLaunchTests.swift; sourceTree = "<group>"; };
/* End PBXFileReference section */

/* Begin PBXFrameworksBuildPhase section */
		02849E5B2A18642900B71BE0 /* Frameworks */ = {
			isa = PBXFrameworksBuildPhase;
			buildActionMask = 2147483647;
			files = (
			);
			runOnlyForDeploymentPostprocessing = 0;
		};
		02849E6C2A18642900B71BE0 /* Frameworks */ = {
			isa = PBXFrameworksBuildPhase;
			buildActionMask = 2147483647;
			files = (
			);
			runOnlyForDeploymentPostprocessing = 0;
		};
		02849E762A18642900B71BE0 /* Frameworks */ = {
			isa = PBXFrameworksBuildPhase;
			buildActionMask = 2147483647;
			files = (
			);
			runOnlyForDeploymentPostprocessing = 0;
		};
/* End PBXFrameworksBuildPhase section */

/* Begin PBXGroup section */
		02849E552A18642900B71BE0 = {
			isa = PBXGroup;
			children = (
				02849E602A18642900B71BE0 /* Multi Language SwiftUI */,
				02849E722A18642900B71BE0 /* Multi Language SwiftUITests */,
				02849E7C2A18642900B71BE0 /* Multi Language SwiftUIUITests */,
				02849E5F2A18642900B71BE0 /* Products */,
			);
			sourceTree = "<group>";
		};
		02849E5F2A18642900B71BE0 /* Products */ = {
			isa = PBXGroup;
			children = (
				02849E5E2A18642900B71BE0 /* Multi Language SwiftUI.app */,
				02849E6F2A18642900B71BE0 /* Multi Language SwiftUITests.xctest */,
				02849E792A18642900B71BE0 /* Multi Language SwiftUIUITests.xctest */,
			);
			name = Products;
			sourceTree = "<group>";
		};
		02849E602A18642900B71BE0 /* Multi Language SwiftUI */ = {
			isa = PBXGroup;
			children = (
				02849E612A18642900B71BE0 /* Multi_Language_SwiftUIApp.swift */,
				02849E632A18642900B71BE0 /* ContentView.swift */,
				02849E652A18642900B71BE0 /* Assets.xcassets */,
				02849E672A18642900B71BE0 /* Multi_Language_SwiftUI.entitlements */,
				02849E682A18642900B71BE0 /* Preview Content */,
			);
			path = "Multi Language SwiftUI";
			sourceTree = "<group>";
		};
		02849E682A18642900B71BE0 /* Preview Content */ = {
			isa = PBXGroup;
			children = (
				02849E692A18642900B71BE0 /* Preview Assets.xcassets */,
			);
			path = "Preview Content";
			sourceTree = "<group>";
		};
		02849E722A18642900B71BE0 /* Multi Language SwiftUITests */ = {
			isa = PBXGroup;
			children = (
				02849E732A18642900B71BE0 /* Multi_Language_SwiftUITests.swift */,
			);
			path = "Multi Language SwiftUITests";
			sourceTree = "<group>";
		};
		02849E7C2A18642900B71BE0 /* Multi Language SwiftUIUITests */ = {
			isa = PBXGroup;
			children = (
				02849E7D2A18642900B71BE0 /* Multi_Language_SwiftUIUITests.swift */,
				02849E7F2A18642900B71BE0 /* Multi_Language_SwiftUIUITestsLaunchTests.swift */,
			);
			path = "Multi Language SwiftUIUITests";
			sourceTree = "<group>";
		};
/* End PBXGroup section */

/* Begin PBXNativeTarget section */
		02849E5D2A18642900B71BE0 /* Multi Language SwiftUI */ = {
			isa = PBXNativeTarget;
			buildConfigurationList = 02849E832A18642900B71BE0 /* Build configuration list for PBXNativeTarget "Multi Language SwiftUI" */;
			buildPhases = (
				02849E5A2A18642900B71BE0 /* Sources */,
				02849E5B2A18642900B71BE0 /* Frameworks */,
				02849E5C2A18642900B71BE0 /* Resources */,
			);
			buildRules = (
			);
			dependencies = (
			);
			name = "Multi Language SwiftUI";
			productName = "Multi Language SwiftUI";
			productReference = 02849E5E2A18642900B71BE0 /* Multi Language SwiftUI.app */;
			productType = "com.apple.product-type.application";
		};
		02849E6E2A18642900B71BE0 /* Multi Language SwiftUITests */ = {
			isa = PBXNativeTarget;
			buildConfigurationList = 02849E862A18642900B71BE0 /* Build configuration list for PBXNativeTarget "Multi Language SwiftUITests" */;
			buildPhases = (
				02849E6B2A18642900B71BE0 /* Sources */,
				02849E6C2A18642900B71BE0 /* Frameworks */,
				02849E6D2A18642900B71BE0 /* Resources */,
			);
			buildRules = (
			);
			dependencies = (
				02849E712A18642900B71BE0 /* PBXTargetDependency */,
			);
			name = "Multi Language SwiftUITests";
			productName = "Multi Language SwiftUITests";
			productReference = 02849E6F2A18642900B71BE0 /* Multi Language SwiftUITests.xctest */;
			productType = "com.apple.product-type.bundle.unit-test";
		};
		02849E782A18642900B71BE0 /* Multi Language SwiftUIUITests */ = {
			isa = PBXNativeTarget;
			buildConfigurationList = 02849E892A18642900B71BE0 /* Build configuration list for PBXNativeTarget "Multi Language SwiftUIUITests" */;
			buildPhases = (
				02849E752A18642900B71BE0 /* Sources */,
				02849E762A18642900B71BE0 /* Frameworks */,
				02849E772A18642900B71BE0 /* Resources */,
			);
			buildRules = (
			);
			dependencies = (
				02849E7B2A18642900B71BE0 /* PBXTargetDependency */,
			);
			name = "Multi Language SwiftUIUITests";
			productName = "Multi Language SwiftUIUITests";
			productReference = 02849E792A18642900B71BE0 /* Multi Language SwiftUIUITests.xctest */;
			productType = "com.apple.product-type.bundle.ui-testing";
		};
/* End PBXNativeTarget section */

/* Begin PBXProject section */
		02849E562A18642900B71BE0 /* Project object */ = {
			isa = PBXProject;
			attributes = {
				BuildIndependentTargetsInParallel = 1;
				LastSwiftUpdateCheck = 1430;
				LastUpgradeCheck = 1430;
				TargetAttributes = {
					02849E5D2A18642900B71BE0 = {
						CreatedOnToolsVersion = 14.3;
					};
					02849E6E2A18642900B71BE0 = {
						CreatedOnToolsVersion = 14.3;
						TestTargetID = 02849E5D2A18642900B71BE0;
					};
					02849E782A18642900B71BE0 = {
						CreatedOnToolsVersion = 14.3;
						TestTargetID = 02849E5D2A18642900B71BE0;
					};
				};
			};
			buildConfigurationList = 02849E592A18642900B71BE0 /* Build configuration list for PBXProject "Multi Language SwiftUI" */;
			compatibilityVersion = "Xcode 14.0";
			developmentRegion = en;
			hasScannedForEncodings = 0;
			knownRegions = (
				en,
				Base,
			);
			mainGroup = 02849E552A18642900B71BE0;
			productRefGroup = 02849E5F2A18642900B71BE0 /* Products */;
			projectDirPath = "";
			projectRoot = "";
			targets = (
				02849E5D2A18642900B71BE0 /* Multi Language SwiftUI */,
				02849E6E2A18642900B71BE0 /* Multi Language SwiftUITests */,
				02849E782A18642900B71BE0 /* Multi Language SwiftUIUITests */,
			);
		};
/* End PBXProject section */

/* Begin PBXResourcesBuildPhase section */
		02849E5C2A18642900B71BE0 /* Resources */ = {
			isa = PBXResourcesBuildPhase;
			buildActionMask = 2147483647;
			files = (
				02849E6A2A18642900B71BE0 /* Preview Assets.xcassets in Resources */,
				02849E662A18642900B71BE0 /* Assets.xcassets in Resources */,
			);
			runOnlyForDeploymentPostprocessing = 0;
		};
		02849E6D2A18642900B71BE0 /* Resources */ = {
			isa = PBXResourcesBuildPhase;
			buildActionMask = 2147483647;
			files = (
			);
			runOnlyForDeploymentPostprocessing = 0;
		};
		02849E772A18642900B71BE0 /* Resources */ = {
			isa = PBXResourcesBuildPhase;
			buildActionMask = 2147483647;
			files = (
			);
			runOnlyForDeploymentPostprocessing = 0;
		};
/* End PBXResourcesBuildPhase section */

/* Begin PBXSourcesBuildPhase section */
		02849E5A2A18642900B71BE0 /* Sources */ = {
			isa = PBXSourcesBuildPhase;
			buildActionMask = 2147483647;
			files = (
				02849E642A18642900B71BE0 /* ContentView.swift in Sources */,
				02849E622A18642900B71BE0 /* Multi_Language_SwiftUIApp.swift in Sources */,
			);
			runOnlyForDeploymentPostprocessing = 0;
		};
		02849E6B2A18642900B71BE0 /* Sources */ = {
			isa = PBXSourcesBuildPhase;
			buildActionMask = 2147483647;
			files = (
				02849E742A18642900B71BE0 /* Multi_Language_SwiftUITests.swift in Sources */,
			);
			runOnlyForDeploymentPostprocessing = 0;
		};
		02849E752A18642900B71BE0 /* Sources */ = {
			isa = PBXSourcesBuildPhase;
			buildActionMask = 2147483647;
			files = (
				02849E802A18642900B71BE0 /* Multi_Language_SwiftUIUITestsLaunchTests.swift in Sources */,
				02849E7E2A18642900B71BE0 /* Multi_Language_SwiftUIUITests.swift in Sources */,
			);
			runOnlyForDeploymentPostprocessing = 0;
		};
/* End PBXSourcesBuildPhase section */

/* Begin PBXTargetDependency section */
		02849E712A18642900B71BE0 /* PBXTargetDependency */ = {
			isa = PBXTargetDependency;
			target = 02849E5D2A18642900B71BE0 /* Multi Language SwiftUI */;
			targetProxy = 02849E702A18642900B71BE0 /* PBXContainerItemProxy */;
		};
		02849E7B2A18642900B71BE0 /* PBXTargetDependency */ = {
			isa = PBXTargetDependency;
			target = 02849E5D2A18642900B71BE0 /* Multi Language SwiftUI */;
			targetProxy = 02849E7A2A18642900B71BE0 /* PBXContainerItemProxy */;
		};
/* End PBXTargetDependency section */

/* Begin XCBuildConfiguration section */
		02849E812A18642900B71BE0 /* Debug */ = {
			isa = XCBuildConfiguration;
			buildSettings = {
				ALWAYS_SEARCH_USER_PATHS = NO;
				CLANG_ANALYZER_NONNULL = YES;
				CLANG_ANALYZER_NUMBER_OBJECT_CONVERSION = YES_AGGRESSIVE;
				CLANG_CXX_LANGUAGE_STANDARD = "gnu++20";
				CLANG_ENABLE_MODULES = YES;
				CLANG_ENABLE_OBJC_ARC = YES;
				CLANG_ENABLE_OBJC_WEAK = YES;
				CLANG_WARN_BLOCK_CAPTURE_AUTORELEASING = YES;
				CLANG_WARN_BOOL_CONVERSION = YES;
				CLANG_WARN_COMMA = YES;
				CLANG_WARN_CONSTANT_CONVERSION = YES;
				CLANG_WARN_DEPRECATED_OBJC_IMPLEMENTATIONS = YES;
				CLANG_WARN_DIRECT_OBJC_ISA_USAGE = YES_ERROR;
				CLANG_WARN_DOCUMENTATION_COMMENTS = YES;
				CLANG_WARN_EMPTY_BODY = YES;
				CLANG_WARN_ENUM_CONVERSION = YES;
				CLANG_WARN_INFINITE_RECURSION = YES;
				CLANG_WARN_INT_CONVERSION = YES;
				CLANG_WARN_NON_LITERAL_NULL_CONVERSION = YES;
				CLANG_WARN_OBJC_IMPLICIT_RETAIN_SELF = YES;
				CLANG_WARN_OBJC_LITERAL_CONVERSION = YES;
				CLANG_WARN_OBJC_ROOT_CLASS = YES_ERROR;
				CLANG_WARN_QUOTED_INCLUDE_IN_FRAMEWORK_HEADER = YES;
				CLANG_WARN_RANGE_LOOP_ANALYSIS = YES;
				CLANG_WARN_STRICT_PROTOTYPES = YES;
				CLANG_WARN_SUSPICIOUS_MOVE = YES;
				CLANG_WARN_UNGUARDED_AVAILABILITY = YES_AGGRESSIVE;
				CLANG_WARN_UNREACHABLE_CODE = YES;
				CLANG_WARN__DUPLICATE_METHOD_MATCH = YES;
				COPY_PHASE_STRIP = NO;
				DEBUG_INFORMATION_FORMAT = dwarf;
				ENABLE_STRICT_OBJC_MSGSEND = YES;
				ENABLE_TESTABILITY = YES;
				GCC_C_LANGUAGE_STANDARD = gnu11;
				GCC_DYNAMIC_NO_PIC = NO;
				GCC_NO_COMMON_BLOCKS = YES;
				GCC_OPTIMIZATION_LEVEL = 0;
				GCC_PREPROCESSOR_DEFINITIONS = (
					"DEBUG=1",
					"$(inherited)",
				);
				GCC_WARN_64_TO_32_BIT_CONVERSION = YES;
				GCC_WARN_ABOUT_RETURN_TYPE = YES_ERROR;
				GCC_WARN_UNDECLARED_SELECTOR = YES;
				GCC_WARN_UNINITIALIZED_AUTOS = YES_AGGRESSIVE;
				GCC_WARN_UNUSED_FUNCTION = YES;
				GCC_WARN_UNUSED_VARIABLE = YES;
				MTL_ENABLE_DEBUG_INFO = INCLUDE_SOURCE;
				MTL_FAST_MATH = YES;
				ONLY_ACTIVE_ARCH = YES;
				SWIFT_ACTIVE_COMPILATION_CONDITIONS = DEBUG;
				SWIFT_OPTIMIZATION_LEVEL = "-Onone";
			};
			name = Debug;
		};
		02849E822A18642900B71BE0 /* Release */ = {
			isa = XCBuildConfiguration;
			buildSettings = {
				ALWAYS_SEARCH_USER_PATHS = NO;
				CLANG_ANALYZER_NONNULL = YES;
				CLANG_ANALYZER_NUMBER_OBJECT_CONVERSION = YES_AGGRESSIVE;
				CLANG_CXX_LANGUAGE_STANDARD = "gnu++20";
				CLANG_ENABLE_MODULES = YES;
				CLANG_ENABLE_OBJC_ARC = YES;
				CLANG_ENABLE_OBJC_WEAK = YES;
				CLANG_WARN_BLOCK_CAPTURE_AUTORELEASING = YES;
				CLANG_WARN_BOOL_CONVERSION = YES;
				CLANG_WARN_COMMA = YES;
				CLANG_WARN_CONSTANT_CONVERSION = YES;
				CLANG_WARN_DEPRECATED_OBJC_IMPLEMENTATIONS = YES;
				CLANG_WARN_DIRECT_OBJC_ISA_USAGE = YES_ERROR;
				CLANG_WARN_DOCUMENTATION_COMMENTS = YES;
				CLANG_WARN_EMPTY_BODY = YES;
				CLANG_WARN_ENUM_CONVERSION = YES;
				CLANG_WARN_INFINITE_RECURSION = YES;
				CLANG_WARN_INT_CONVERSION = YES;
				CLANG_WARN_NON_LITERAL_NULL_CONVERSION = YES;
				CLANG_WARN_OBJC_IMPLICIT_RETAIN_SELF = YES;
				CLANG_WARN_OBJC_LITERAL_CONVERSION = YES;
				CLANG_WARN_OBJC_ROOT_CLASS = YES_ERROR;
				CLANG_WARN_QUOTED_INCLUDE_IN_FRAMEWORK_HEADER = YES;
				CLANG_WARN_RANGE_LOOP_ANALYSIS = YES;
				CLANG_WARN_STRICT_PROTOTYPES = YES;
				CLANG_WARN_SUSPICIOUS_MOVE = YES;
				CLANG_WARN_UNGUARDED_AVAILABILITY = YES_AGGRESSIVE;
				CLANG_WARN_UNREACHABLE_CODE = YES;
				CLANG_WARN__DUPLICATE_METHOD_MATCH = YES;
				COPY_PHASE_STRIP = NO;
				DEBUG_INFORMATION_FORMAT = "dwarf-with-dsym";
				ENABLE_NS_ASSERTIONS = NO;
				ENABLE_STRICT_OBJC_MSGSEND = YES;
				GCC_C_LANGUAGE_STANDARD = gnu11;
				GCC_NO_COMMON_BLOCKS = YES;
				GCC_WARN_64_TO_32_BIT_CONVERSION = YES;
				GCC_WARN_ABOUT_RETURN_TYPE = YES_ERROR;
				GCC_WARN_UNDECLARED_SELECTOR = YES;
				GCC_WARN_UNINITIALIZED_AUTOS = YES_AGGRESSIVE;
				GCC_WARN_UNUSED_FUNCTION = YES;
				GCC_WARN_UNUSED_VARIABLE = YES;
				MTL_ENABLE_DEBUG_INFO = NO;
				MTL_FAST_MATH = YES;
				SWIFT_COMPILATION_MODE = wholemodule;
				SWIFT_OPTIMIZATION_LEVEL = "-O";
			};
			name = Release;
		};
		02849E842A18642900B71BE0 /* Debug */ = {
			isa = XCBuildConfiguration;
			buildSettings = {
				ASSETCATALOG_COMPILER_APPICON_NAME = AppIcon;
				ASSETCATALOG_COMPILER_GLOBAL_ACCENT_COLOR_NAME = AccentColor;
				CODE_SIGN_ENTITLEMENTS = "Multi Language SwiftUI/Multi_Language_SwiftUI.entitlements";
				CODE_SIGN_STYLE = Automatic;
				CURRENT_PROJECT_VERSION = 1;
				DEVELOPMENT_ASSET_PATHS = "\"Multi Language SwiftUI/Preview Content\"";
				DEVELOPMENT_TEAM = 98X7S4Y4AT;
				ENABLE_HARDENED_RUNTIME = YES;
				ENABLE_PREVIEWS = YES;
				GENERATE_INFOPLIST_FILE = YES;
				"INFOPLIST_KEY_UIApplicationSceneManifest_Generation[sdk=iphoneos*]" = YES;
				"INFOPLIST_KEY_UIApplicationSceneManifest_Generation[sdk=iphonesimulator*]" = YES;
				"INFOPLIST_KEY_UIApplicationSupportsIndirectInputEvents[sdk=iphoneos*]" = YES;
				"INFOPLIST_KEY_UIApplicationSupportsIndirectInputEvents[sdk=iphonesimulator*]" = YES;
				"INFOPLIST_KEY_UILaunchScreen_Generation[sdk=iphoneos*]" = YES;
				"INFOPLIST_KEY_UILaunchScreen_Generation[sdk=iphonesimulator*]" = YES;
				"INFOPLIST_KEY_UIStatusBarStyle[sdk=iphoneos*]" = UIStatusBarStyleDefault;
				"INFOPLIST_KEY_UIStatusBarStyle[sdk=iphonesimulator*]" = UIStatusBarStyleDefault;
				INFOPLIST_KEY_UISupportedInterfaceOrientations_iPad = "UIInterfaceOrientationPortrait UIInterfaceOrientationPortraitUpsideDown UIInterfaceOrientationLandscapeLeft UIInterfaceOrientationLandscapeRight";
				INFOPLIST_KEY_UISupportedInterfaceOrientations_iPhone = "UIInterfaceOrientationPortrait UIInterfaceOrientationLandscapeLeft UIInterfaceOrientationLandscapeRight";
				IPHONEOS_DEPLOYMENT_TARGET = 16.4;
				LD_RUNPATH_SEARCH_PATHS = "@executable_path/Frameworks";
				"LD_RUNPATH_SEARCH_PATHS[sdk=macosx*]" = "@executable_path/../Frameworks";
				MACOSX_DEPLOYMENT_TARGET = 13.3;
				MARKETING_VERSION = 1.0;
				PRODUCT_BUNDLE_IDENTIFIER = "markizapp.Multi-Language-SwiftUI";
				PRODUCT_NAME = "$(TARGET_NAME)";
				SDKROOT = auto;
				SUPPORTED_PLATFORMS = "iphoneos iphonesimulator macosx";
				SWIFT_EMIT_LOC_STRINGS = YES;
				SWIFT_VERSION = 5.0;
				TARGETED_DEVICE_FAMILY = "1,2";
			};
			name = Debug;
		};
		02849E852A18642900B71BE0 /* Release */ = {
			isa = XCBuildConfiguration;
			buildSettings = {
				ASSETCATALOG_COMPILER_APPICON_NAME = AppIcon;
				ASSETCATALOG_COMPILER_GLOBAL_ACCENT_COLOR_NAME = AccentColor;
				CODE_SIGN_ENTITLEMENTS = "Multi Language SwiftUI/Multi_Language_SwiftUI.entitlements";
				CODE_SIGN_STYLE = Automatic;
				CURRENT_PROJECT_VERSION = 1;
				DEVELOPMENT_ASSET_PATHS = "\"Multi Language SwiftUI/Preview Content\"";
				DEVELOPMENT_TEAM = 98X7S4Y4AT;
				ENABLE_HARDENED_RUNTIME = YES;
				ENABLE_PREVIEWS = YES;
				GENERATE_INFOPLIST_FILE = YES;
				"INFOPLIST_KEY_UIApplicationSceneManifest_Generation[sdk=iphoneos*]" = YES;
				"INFOPLIST_KEY_UIApplicationSceneManifest_Generation[sdk=iphonesimulator*]" = YES;
				"INFOPLIST_KEY_UIApplicationSupportsIndirectInputEvents[sdk=iphoneos*]" = YES;
				"INFOPLIST_KEY_UIApplicationSupportsIndirectInputEvents[sdk=iphonesimulator*]" = YES;
				"INFOPLIST_KEY_UILaunchScreen_Generation[sdk=iphoneos*]" = YES;
				"INFOPLIST_KEY_UILaunchScreen_Generation[sdk=iphonesimulator*]" = YES;
				"INFOPLIST_KEY_UIStatusBarStyle[sdk=iphoneos*]" = UIStatusBarStyleDefault;
				"INFOPLIST_KEY_UIStatusBarStyle[sdk=iphonesimulator*]" = UIStatusBarStyleDefault;
				INFOPLIST_KEY_UISupportedInterfaceOrientations_iPad = "UIInterfaceOrientationPortrait UIInterfaceOrientationPortraitUpsideDown UIInterfaceOrientationLandscapeLeft UIInterfaceOrientationLandscapeRight";
				INFOPLIST_KEY_UISupportedInterfaceOrientations_iPhone = "UIInterfaceOrientationPortrait UIInterfaceOrientationLandscapeLeft UIInterfaceOrientationLandscapeRight";
				IPHONEOS_DEPLOYMENT_TARGET = 16.4;
				LD_RUNPATH_SEARCH_PATHS = "@executable_path/Frameworks";
				"LD_RUNPATH_SEARCH_PATHS[sdk=macosx*]" = "@executable_path/../Frameworks";
				MACOSX_DEPLOYMENT_TARGET = 13.3;
				MARKETING_VERSION = 1.0;
				PRODUCT_BUNDLE_IDENTIFIER = "markizapp.Multi-Language-SwiftUI";
				PRODUCT_NAME = "$(TARGET_NAME)";
				SDKROOT = auto;
				SUPPORTED_PLATFORMS = "iphoneos iphonesimulator macosx";
				SWIFT_EMIT_LOC_STRINGS = YES;
				SWIFT_VERSION = 5.0;
				TARGETED_DEVICE_FAMILY = "1,2";
			};
			name = Release;
		};
		02849E872A18642900B71BE0 /* Debug */ = {
			isa = XCBuildConfiguration;
			buildSettings = {
				ALWAYS_EMBED_SWIFT_STANDARD_LIBRARIES = YES;
				BUNDLE_LOADER = "$(TEST_HOST)";
				CODE_SIGN_STYLE = Automatic;
				CURRENT_PROJECT_VERSION = 1;
				DEVELOPMENT_TEAM = 98X7S4Y4AT;
				GENERATE_INFOPLIST_FILE = YES;
				IPHONEOS_DEPLOYMENT_TARGET = 16.4;
				MACOSX_DEPLOYMENT_TARGET = 13.3;
				MARKETING_VERSION = 1.0;
				PRODUCT_BUNDLE_IDENTIFIER = "markizapp.Multi-Language-SwiftUITests";
				PRODUCT_NAME = "$(TARGET_NAME)";
				SDKROOT = auto;
				SUPPORTED_PLATFORMS = "iphoneos iphonesimulator macosx";
				SWIFT_EMIT_LOC_STRINGS = NO;
				SWIFT_VERSION = 5.0;
				TARGETED_DEVICE_FAMILY = "1,2";
				TEST_HOST = "$(BUILT_PRODUCTS_DIR)/Multi Language SwiftUI.app/$(BUNDLE_EXECUTABLE_FOLDER_PATH)/Multi Language SwiftUI";
			};
			name = Debug;
		};
		02849E882A18642900B71BE0 /* Release */ = {
			isa = XCBuildConfiguration;
			buildSettings = {
				ALWAYS_EMBED_SWIFT_STANDARD_LIBRARIES = YES;
				BUNDLE_LOADER = "$(TEST_HOST)";
				CODE_SIGN_STYLE = Automatic;
				CURRENT_PROJECT_VERSION = 1;
				DEVELOPMENT_TEAM = 98X7S4Y4AT;
				GENERATE_INFOPLIST_FILE = YES;
				IPHONEOS_DEPLOYMENT_TARGET = 16.4;
				MACOSX_DEPLOYMENT_TARGET = 13.3;
				MARKETING_VERSION = 1.0;
				PRODUCT_BUNDLE_IDENTIFIER = "markizapp.Multi-Language-SwiftUITests";
				PRODUCT_NAME = "$(TARGET_NAME)";
				SDKROOT = auto;
				SUPPORTED_PLATFORMS = "iphoneos iphonesimulator macosx";
				SWIFT_EMIT_LOC_STRINGS = NO;
				SWIFT_VERSION = 5.0;
				TARGETED_DEVICE_FAMILY = "1,2";
				TEST_HOST = "$(BUILT_PRODUCTS_DIR)/Multi Language SwiftUI.app/$(BUNDLE_EXECUTABLE_FOLDER_PATH)/Multi Language SwiftUI";
			};
			name = Release;
		};
		02849E8A2A18642900B71BE0 /* Debug */ = {
			isa = XCBuildConfiguration;
			buildSettings = {
				ALWAYS_EMBED_SWIFT_STANDARD_LIBRARIES = YES;
				CODE_SIGN_STYLE = Automatic;
				CURRENT_PROJECT_VERSION = 1;
				DEVELOPMENT_TEAM = 98X7S4Y4AT;
				GENERATE_INFOPLIST_FILE = YES;
				IPHONEOS_DEPLOYMENT_TARGET = 16.4;
				MACOSX_DEPLOYMENT_TARGET = 13.3;
				MARKETING_VERSION = 1.0;
				PRODUCT_BUNDLE_IDENTIFIER = "markizapp.Multi-Language-SwiftUIUITests";
				PRODUCT_NAME = "$(TARGET_NAME)";
				SDKROOT = auto;
				SUPPORTED_PLATFORMS = "iphoneos iphonesimulator macosx";
				SWIFT_EMIT_LOC_STRINGS = NO;
				SWIFT_VERSION = 5.0;
				TARGETED_DEVICE_FAMILY = "1,2";
				TEST_TARGET_NAME = "Multi Language SwiftUI";
			};
			name = Debug;
		};
		02849E8B2A18642900B71BE0 /* Release */ = {
			isa = XCBuildConfiguration;
			buildSettings = {
				ALWAYS_EMBED_SWIFT_STANDARD_LIBRARIES = YES;
				CODE_SIGN_STYLE = Automatic;
				CURRENT_PROJECT_VERSION = 1;
				DEVELOPMENT_TEAM = 98X7S4Y4AT;
				GENERATE_INFOPLIST_FILE = YES;
				IPHONEOS_DEPLOYMENT_TARGET = 16.4;
				MACOSX_DEPLOYMENT_TARGET = 13.3;
				MARKETING_VERSION = 1.0;
				PRODUCT_BUNDLE_IDENTIFIER = "markizapp.Multi-Language-SwiftUIUITests";
				PRODUCT_NAME = "$(TARGET_NAME)";
				SDKROOT = auto;
				SUPPORTED_PLATFORMS = "iphoneos iphonesimulator macosx";
				SWIFT_EMIT_LOC_STRINGS = NO;
				SWIFT_VERSION = 5.0;
				TARGETED_DEVICE_FAMILY = "1,2";
				TEST_TARGET_NAME = "Multi Language SwiftUI";
			};
			name = Release;
		};
/* End XCBuildConfiguration section */

/* Begin XCConfigurationList section */
		02849E592A18642900B71BE0 /* Build configuration list for PBXProject "Multi Language SwiftUI" */ = {
			isa = XCConfigurationList;
			buildConfigurations = (
				02849E812A18642900B71BE0 /* Debug */,
				02849E822A18642900B71BE0 /* Release */,
			);
			defaultConfigurationIsVisible = 0;
			defaultConfigurationName = Release;
		};
		02849E832A18642900B71BE0 /* Build configuration list for PBXNativeTarget "Multi Language SwiftUI" */ = {
			isa = XCConfigurationList;
			buildConfigurations = (
				02849E842A18642900B71BE0 /* Debug */,
				02849E852A18642900B71BE0 /* Release */,
			);
			defaultConfigurationIsVisible = 0;
			defaultConfigurationName = Release;
		};
		02849E862A18642900B71BE0 /* Build configuration list for PBXNativeTarget "Multi Language SwiftUITests" */ = {
			isa = XCConfigurationList;
			buildConfigurations = (
				02849E872A18642900B71BE0 /* Debug */,
				02849E882A18642900B71BE0 /* Release */,
			);
			defaultConfigurationIsVisible = 0;
			defaultConfigurationName = Release;
		};
		02849E892A18642900B71BE0 /* Build configuration list for PBXNativeTarget "Multi Language SwiftUIUITests" */ = {
			isa = XCConfigurationList;
			buildConfigurations = (
				02849E8A2A18642900B71BE0 /* Debug */,
				02849E8B2A18642900B71BE0 /* Release */,
			);
			defaultConfigurationIsVisible = 0;
			defaultConfigurationName = Release;
		};
/* End XCConfigurationList section */
	};
	rootObject = 02849E562A18642900B71BE0 /* Project object */;
}
